
Microsoft Visual Studio Solution File, Format Version 12.00
# Visual Studio 2013
VisualStudioVersion = 12.0.31101.0
MinimumVisualStudioVersion = 10.0.40219.1
Project("{FAE04EC0-301F-11D3-BF4B-00C04F79EFBC}") = "RotatingMatrixWalk", "RotatingMatrixWalk\RotatingMatrixWalk.csproj", "{AE309765-48BF-4D60-B6EA-7D4188DC9E03}"
EndProject
Project("{FAE04EC0-301F-11D3-BF4B-00C04F79EFBC}") = "RotatingMatrixWalk.Tests", "RotatingMatrixWalk.Tests\RotatingMatrixWalk.Tests.csproj", "{CAF6E587-4081-48A2-9E4D-5B09E8829D36}"
EndProject
Global
	GlobalSection(SolutionConfigurationPlatforms) = preSolution
		Debug|Any CPU = Debug|Any CPU
		Release|Any CPU = Release|Any CPU
	EndGlobalSection
	GlobalSection(ProjectConfigurationPlatforms) = postSolution
		{AE309765-48BF-4D60-B6EA-7D4188DC9E03}.Debug|Any CPU.ActiveCfg = Debug|Any CPU
		{AE309765-48BF-4D60-B6EA-7D4188DC9E03}.Debug|Any CPU.Build.0 = Debug|Any CPU
		{AE309765-48BF-4D60-B6EA-7D4188DC9E03}.Release|Any CPU.ActiveCfg = Release|Any CPU
		{AE309765-48BF-4D60-B6EA-7D4188DC9E03}.Release|Any CPU.Build.0 = Release|Any CPU
		{CAF6E587-4081-48A2-9E4D-5B09E8829D36}.Debug|Any CPU.ActiveCfg = Debug|Any CPU
		{CAF6E587-4081-48A2-9E4D-5B09E8829D36}.Debug|Any CPU.Build.0 = Debug|Any CPU
		{CAF6E587-4081-48A2-9E4D-5B09E8829D36}.Release|Any CPU.ActiveCfg = Release|Any CPU
		{CAF6E587-4081-48A2-9E4D-5B09E8829D36}.Release|Any CPU.Build.0 = Release|Any CPU
	EndGlobalSection
	GlobalSection(SolutionProperties) = preSolution
		HideSolutionNode = FALSE
	EndGlobalSection
EndGlobal
