
Microsoft Visual Studio Solution File, Format Version 12.00
# Visual Studio 2013
VisualStudioVersion = 12.0.31101.0
MinimumVisualStudioVersion = 10.0.40219.1
Project("{FAE04EC0-301F-11D3-BF4B-00C04F79EFBC}") = "BadCode", "BadCode\BadCode.csproj", "{53CC5673-940E-486B-96C0-A762A939FF82}"
EndProject
Project("{FAE04EC0-301F-11D3-BF4B-00C04F79EFBC}") = "BadCode2", "BadCode2\BadCode2.csproj", "{1516790F-7113-40D5-A4D6-0DFE316FFE30}"
EndProject
Project("{FAE04EC0-301F-11D3-BF4B-00C04F79EFBC}") = "BadCode3", "BadCode3\BadCode3.csproj", "{99BC37D7-96C0-4F21-9728-743C4ACBF327}"
EndProject
Project("{FAE04EC0-301F-11D3-BF4B-00C04F79EFBC}") = "Mines", "Mines\Mines.csproj", "{E7120FFC-0BC3-4751-BE89-6C16E173D817}"
EndProject
Global
	GlobalSection(SolutionConfigurationPlatforms) = preSolution
		Debug|Any CPU = Debug|Any CPU
		Release|Any CPU = Release|Any CPU
	EndGlobalSection
	GlobalSection(ProjectConfigurationPlatforms) = postSolution
		{53CC5673-940E-486B-96C0-A762A939FF82}.Debug|Any CPU.ActiveCfg = Debug|Any CPU
		{53CC5673-940E-486B-96C0-A762A939FF82}.Debug|Any CPU.Build.0 = Debug|Any CPU
		{53CC5673-940E-486B-96C0-A762A939FF82}.Release|Any CPU.ActiveCfg = Release|Any CPU
		{53CC5673-940E-486B-96C0-A762A939FF82}.Release|Any CPU.Build.0 = Release|Any CPU
		{1516790F-7113-40D5-A4D6-0DFE316FFE30}.Debug|Any CPU.ActiveCfg = Debug|Any CPU
		{1516790F-7113-40D5-A4D6-0DFE316FFE30}.Debug|Any CPU.Build.0 = Debug|Any CPU
		{1516790F-7113-40D5-A4D6-0DFE316FFE30}.Release|Any CPU.ActiveCfg = Release|Any CPU
		{1516790F-7113-40D5-A4D6-0DFE316FFE30}.Release|Any CPU.Build.0 = Release|Any CPU
		{99BC37D7-96C0-4F21-9728-743C4ACBF327}.Debug|Any CPU.ActiveCfg = Debug|Any CPU
		{99BC37D7-96C0-4F21-9728-743C4ACBF327}.Debug|Any CPU.Build.0 = Debug|Any CPU
		{99BC37D7-96C0-4F21-9728-743C4ACBF327}.Release|Any CPU.ActiveCfg = Release|Any CPU
		{99BC37D7-96C0-4F21-9728-743C4ACBF327}.Release|Any CPU.Build.0 = Release|Any CPU
		{E7120FFC-0BC3-4751-BE89-6C16E173D817}.Debug|Any CPU.ActiveCfg = Debug|Any CPU
		{E7120FFC-0BC3-4751-BE89-6C16E173D817}.Debug|Any CPU.Build.0 = Debug|Any CPU
		{E7120FFC-0BC3-4751-BE89-6C16E173D817}.Release|Any CPU.ActiveCfg = Release|Any CPU
		{E7120FFC-0BC3-4751-BE89-6C16E173D817}.Release|Any CPU.Build.0 = Release|Any CPU
	EndGlobalSection
	GlobalSection(SolutionProperties) = preSolution
		HideSolutionNode = FALSE
	EndGlobalSection
EndGlobal
