
Microsoft Visual Studio Solution File, Format Version 12.00
# Visual Studio 2013
VisualStudioVersion = 12.0.31101.0
MinimumVisualStudioVersion = 10.0.40219.1
Project("{FAE04EC0-301F-11D3-BF4B-00C04F79EFBC}") = "01. Registration form", "01. Registration form\01. Registration form.csproj", "{0DAAFE78-338E-4393-9E80-721D55E3D978}"
EndProject
Project("{FAE04EC0-301F-11D3-BF4B-00C04F79EFBC}") = "02. University grid", "02. University grid\02. University grid.csproj", "{A795FC19-30DC-4CE8-811B-93A68F9E8880}"
EndProject
Project("{FAE04EC0-301F-11D3-BF4B-00C04F79EFBC}") = "03. Notebook store", "03. Notebook store\03. Notebook store.csproj", "{E554F23D-CFD2-4503-BBDC-9720B17A9ACB}"
EndProject
Global
	GlobalSection(SolutionConfigurationPlatforms) = preSolution
		Debug|Any CPU = Debug|Any CPU
		Release|Any CPU = Release|Any CPU
	EndGlobalSection
	GlobalSection(ProjectConfigurationPlatforms) = postSolution
		{0DAAFE78-338E-4393-9E80-721D55E3D978}.Debug|Any CPU.ActiveCfg = Debug|Any CPU
		{0DAAFE78-338E-4393-9E80-721D55E3D978}.Debug|Any CPU.Build.0 = Debug|Any CPU
		{0DAAFE78-338E-4393-9E80-721D55E3D978}.Release|Any CPU.ActiveCfg = Release|Any CPU
		{0DAAFE78-338E-4393-9E80-721D55E3D978}.Release|Any CPU.Build.0 = Release|Any CPU
		{A795FC19-30DC-4CE8-811B-93A68F9E8880}.Debug|Any CPU.ActiveCfg = Debug|Any CPU
		{A795FC19-30DC-4CE8-811B-93A68F9E8880}.Debug|Any CPU.Build.0 = Debug|Any CPU
		{A795FC19-30DC-4CE8-811B-93A68F9E8880}.Release|Any CPU.ActiveCfg = Release|Any CPU
		{A795FC19-30DC-4CE8-811B-93A68F9E8880}.Release|Any CPU.Build.0 = Release|Any CPU
		{E554F23D-CFD2-4503-BBDC-9720B17A9ACB}.Debug|Any CPU.ActiveCfg = Debug|Any CPU
		{E554F23D-CFD2-4503-BBDC-9720B17A9ACB}.Debug|Any CPU.Build.0 = Debug|Any CPU
		{E554F23D-CFD2-4503-BBDC-9720B17A9ACB}.Release|Any CPU.ActiveCfg = Release|Any CPU
		{E554F23D-CFD2-4503-BBDC-9720B17A9ACB}.Release|Any CPU.Build.0 = Release|Any CPU
	EndGlobalSection
	GlobalSection(SolutionProperties) = preSolution
		HideSolutionNode = FALSE
	EndGlobalSection
EndGlobal
